
Microsoft Visual Studio Solution File, Format Version 12.00
# Visual Studio Version 17
VisualStudioVersion = 17.3.32929.385
MinimumVisualStudioVersion = 10.0.40219.1
Project("{9A19103F-16F7-4668-BE54-9A1E7A4F7556}") = "FantasyDraft.API", "FantasyDraft.API\FantasyDraft.API.csproj", "{ED932555-477E-4267-8F47-50502108DD08}"
EndProject
Project("{9A19103F-16F7-4668-BE54-9A1E7A4F7556}") = "FantasyFootball.Logic", "FantasyFootball.Logic\FantasyFootball.Logic.csproj", "{C55D3C91-2A94-4ACD-BA6B-465723F387C6}"
EndProject
Project("{9A19103F-16F7-4668-BE54-9A1E7A4F7556}") = "FantasyFootball.DataAccess", "FantasyFootball.DataAccess\FantasyFootball.DataAccess.csproj", "{9FB1BEBD-F346-4BCC-A6AC-2C2E2FFC2D7E}"
EndProject
Global
	GlobalSection(SolutionConfigurationPlatforms) = preSolution
		Debug|Any CPU = Debug|Any CPU
		Release|Any CPU = Release|Any CPU
	EndGlobalSection
	GlobalSection(ProjectConfigurationPlatforms) = postSolution
		{ED932555-477E-4267-8F47-50502108DD08}.Debug|Any CPU.ActiveCfg = Debug|Any CPU
		{ED932555-477E-4267-8F47-50502108DD08}.Debug|Any CPU.Build.0 = Debug|Any CPU
		{ED932555-477E-4267-8F47-50502108DD08}.Release|Any CPU.ActiveCfg = Release|Any CPU
		{ED932555-477E-4267-8F47-50502108DD08}.Release|Any CPU.Build.0 = Release|Any CPU
		{C55D3C91-2A94-4ACD-BA6B-465723F387C6}.Debug|Any CPU.ActiveCfg = Debug|Any CPU
		{C55D3C91-2A94-4ACD-BA6B-465723F387C6}.Debug|Any CPU.Build.0 = Debug|Any CPU
		{C55D3C91-2A94-4ACD-BA6B-465723F387C6}.Release|Any CPU.ActiveCfg = Release|Any CPU
		{C55D3C91-2A94-4ACD-BA6B-465723F387C6}.Release|Any CPU.Build.0 = Release|Any CPU
		{9FB1BEBD-F346-4BCC-A6AC-2C2E2FFC2D7E}.Debug|Any CPU.ActiveCfg = Debug|Any CPU
		{9FB1BEBD-F346-4BCC-A6AC-2C2E2FFC2D7E}.Debug|Any CPU.Build.0 = Debug|Any CPU
		{9FB1BEBD-F346-4BCC-A6AC-2C2E2FFC2D7E}.Release|Any CPU.ActiveCfg = Release|Any CPU
		{9FB1BEBD-F346-4BCC-A6AC-2C2E2FFC2D7E}.Release|Any CPU.Build.0 = Release|Any CPU
	EndGlobalSection
	GlobalSection(SolutionProperties) = preSolution
		HideSolutionNode = FALSE
	EndGlobalSection
	GlobalSection(ExtensibilityGlobals) = postSolution
		SolutionGuid = {B47F37CE-1AD0-43BD-B337-FBE9242D38BE}
	EndGlobalSection
EndGlobal
